
Microsoft Visual Studio Solution File, Format Version 12.00
# Visual Studio 15
VisualStudioVersion = 15.0.27703.2042
MinimumVisualStudioVersion = 10.0.40219.1
Project("{8BC9CEB8-8B4A-11D0-8D11-00A0C91BC942}") = "Bot Tracking  v1", "Bot Tracking  v1.vcxproj", "{C8A55442-DDE1-4C1A-82A6-27A190098A87}"
EndProject
Global
	GlobalSection(SolutionConfigurationPlatforms) = preSolution
		Debug|x64 = Debug|x64
		Debug|x86 = Debug|x86
		Release|x64 = Release|x64
		Release|x86 = Release|x86
	EndGlobalSection
	GlobalSection(ProjectConfigurationPlatforms) = postSolution
		{C8A55442-DDE1-4C1A-82A6-27A190098A87}.Debug|x64.ActiveCfg = Debug|x64
		{C8A55442-DDE1-4C1A-82A6-27A190098A87}.Debug|x64.Build.0 = Debug|x64
		{C8A55442-DDE1-4C1A-82A6-27A190098A87}.Debug|x86.ActiveCfg = Debug|Win32
		{C8A55442-DDE1-4C1A-82A6-27A190098A87}.Debug|x86.Build.0 = Debug|Win32
		{C8A55442-DDE1-4C1A-82A6-27A190098A87}.Release|x64.ActiveCfg = Release|x64
		{C8A55442-DDE1-4C1A-82A6-27A190098A87}.Release|x64.Build.0 = Release|x64
		{C8A55442-DDE1-4C1A-82A6-27A190098A87}.Release|x86.ActiveCfg = Release|Win32
		{C8A55442-DDE1-4C1A-82A6-27A190098A87}.Release|x86.Build.0 = Release|Win32
	EndGlobalSection
	GlobalSection(SolutionProperties) = preSolution
		HideSolutionNode = FALSE
	EndGlobalSection
	GlobalSection(ExtensibilityGlobals) = postSolution
		SolutionGuid = {E428CD81-DB8D-453F-962B-6AE21D5BCD41}
	EndGlobalSection
EndGlobal
